
Microsoft Visual Studio Solution File, Format Version 12.00
# Visual Studio 15
VisualStudioVersion = 15.0.27130.2027
MinimumVisualStudioVersion = 10.0.40219.1
Project("{FAE04EC0-301F-11D3-BF4B-00C04F79EFBC}") = "WPFGitTest", "WPFGitTest\WPFGitTest.csproj", "{4E164DA7-4B45-4F6B-9980-530F294746E5}"
EndProject
Global
	GlobalSection(SolutionConfigurationPlatforms) = preSolution
		Debug|Any CPU = Debug|Any CPU
		Release|Any CPU = Release|Any CPU
	EndGlobalSection
	GlobalSection(ProjectConfigurationPlatforms) = postSolution
		{4E164DA7-4B45-4F6B-9980-530F294746E5}.Debug|Any CPU.ActiveCfg = Debug|Any CPU
		{4E164DA7-4B45-4F6B-9980-530F294746E5}.Debug|Any CPU.Build.0 = Debug|Any CPU
		{4E164DA7-4B45-4F6B-9980-530F294746E5}.Release|Any CPU.ActiveCfg = Release|Any CPU
		{4E164DA7-4B45-4F6B-9980-530F294746E5}.Release|Any CPU.Build.0 = Release|Any CPU
	EndGlobalSection
	GlobalSection(SolutionProperties) = preSolution
		HideSolutionNode = FALSE
	EndGlobalSection
	GlobalSection(ExtensibilityGlobals) = postSolution
		SolutionGuid = {54AE8101-482E-4396-B4AE-5CA1DEC99820}
	EndGlobalSection
EndGlobal
